
Microsoft Visual Studio Solution File, Format Version 12.00
Project("{2150E333-8FDC-42A3-9474-1A3956D46DE8}") = "src", "src", "{E7895D30-E5B7-4118-BAD5-888D8A959F98}"
EndProject
Project("{2150E333-8FDC-42A3-9474-1A3956D46DE8}") = "Host", "Host", "{41EA0B0D-276E-4EFA-9542-79FD6646B7D5}"
EndProject
Project("{2150E333-8FDC-42A3-9474-1A3956D46DE8}") = "Modules", "Modules", "{51BFB919-7A42-4E3D-91C3-69EECF5BFE53}"
EndProject
Project("{2150E333-8FDC-42A3-9474-1A3956D46DE8}") = "Shared", "Shared", "{CD17FB2B-413D-4C3B-96CC-2B2511C3A06D}"
EndProject
Project("{FAE04EC0-301F-11D3-BF4B-00C04F79EFBC}") = "Bootstrapper", "src\Host\Bootstrapper\Bootstrapper.csproj", "{C4F4AC7E-39FA-4084-BB20-E53160595E96}"
EndProject
Project("{FAE04EC0-301F-11D3-BF4B-00C04F79EFBC}") = "Shared.Core", "src\Shared\Shared.Core\Shared.Core.csproj", "{8D3950AC-E335-47ED-BE5A-CA660C00F772}"
EndProject
Project("{FAE04EC0-301F-11D3-BF4B-00C04F79EFBC}") = "Shared.Infrastructure", "src\Shared\Shared.Infrastructure\Shared.Infrastructure.csproj", "{C2CF593B-1DA6-4479-AEB4-B48458C6D286}"
EndProject
Project("{FAE04EC0-301F-11D3-BF4B-00C04F79EFBC}") = "Shared.DTO", "src\Shared\Shared.DTO\Shared.DTO.csproj", "{7E87DA42-F309-463D-BD60-863BE485E238}"
EndProject
Project("{2150E333-8FDC-42A3-9474-1A3956D46DE8}") = "Identity", "Identity", "{FA385177-4DFD-4B1D-8EEA-A3EE56E26992}"
EndProject
Project("{FAE04EC0-301F-11D3-BF4B-00C04F79EFBC}") = "Modules.Identity.Core", "src\Modules\Identity\Modules.Identity.Core\Modules.Identity.Core.csproj", "{B889EE0C-0BA2-415E-9E12-42764EA28231}"
EndProject
Project("{FAE04EC0-301F-11D3-BF4B-00C04F79EFBC}") = "Modules.Identity.Infrastructure", "src\Modules\Identity\Modules.Identity.Infrastructure\Modules.Identity.Infrastructure.csproj", "{15C07F48-E1D5-4F56-85D9-F7B3C430A930}"
EndProject
Project("{FAE04EC0-301F-11D3-BF4B-00C04F79EFBC}") = "Modules.Identity", "src\Modules\Identity\Modules.Identity\Modules.Identity.csproj", "{4550C739-6430-460E-A945-B06D4E3403A6}"
EndProject
Project("{2150E333-8FDC-42A3-9474-1A3956D46DE8}") = "Timetable", "Timetable", "{F06527A1-3A56-48C9-91CF-59F03A91D39A}"
EndProject
Project("{FAE04EC0-301F-11D3-BF4B-00C04F79EFBC}") = "Modules.Timetable.Core", "src\Modules\Timetable\Modules.Timetable.Core\Modules.Timetable.Core.csproj", "{7033CB55-09D8-4D20-ADEC-F60033CA3E55}"
EndProject
Project("{FAE04EC0-301F-11D3-BF4B-00C04F79EFBC}") = "Modules.Timetable.Infrastructure", "src\Modules\Timetable\Modules.Timetable.Infrastructure\Modules.Timetable.Infrastructure.csproj", "{27A2B6F7-89B5-4D54-804E-57959B7A51D4}"
EndProject
Project("{FAE04EC0-301F-11D3-BF4B-00C04F79EFBC}") = "Modules.Timetable", "src\Modules\Timetable\Modules.Timetable\Modules.Timetable.csproj", "{30E2F37C-936B-4EA0-89E6-F29018C8CFD5}"
EndProject
Project("{FAE04EC0-301F-11D3-BF4B-00C04F79EFBC}") = "Shared.Localization", "src\Shared\Shared.Localization\Shared.Localization.csproj", "{C63C74DD-F084-4848-B196-26683FE55497}"
EndProject
Project("{2150E333-8FDC-42A3-9474-1A3956D46DE8}") = "SolutionItems", "SolutionItems", "{AB61F146-F1E3-4E88-8193-FEB6451CF9E8}"
ProjectSection(SolutionItems) = preProject
	api.dockerfile = api.dockerfile
	.dockerignore = .dockerignore
	.gitignore = .gitignore
	docker-compose.yml = docker-compose.yml
	db.dockerfile = db.dockerfile
EndProjectSection
EndProject
Global
	GlobalSection(SolutionConfigurationPlatforms) = preSolution
		Debug|Any CPU = Debug|Any CPU
		Release|Any CPU = Release|Any CPU
	EndGlobalSection
	GlobalSection(NestedProjects) = preSolution
		{41EA0B0D-276E-4EFA-9542-79FD6646B7D5} = {E7895D30-E5B7-4118-BAD5-888D8A959F98}
		{51BFB919-7A42-4E3D-91C3-69EECF5BFE53} = {E7895D30-E5B7-4118-BAD5-888D8A959F98}
		{CD17FB2B-413D-4C3B-96CC-2B2511C3A06D} = {E7895D30-E5B7-4118-BAD5-888D8A959F98}
		{C4F4AC7E-39FA-4084-BB20-E53160595E96} = {41EA0B0D-276E-4EFA-9542-79FD6646B7D5}
		{8D3950AC-E335-47ED-BE5A-CA660C00F772} = {CD17FB2B-413D-4C3B-96CC-2B2511C3A06D}
		{C2CF593B-1DA6-4479-AEB4-B48458C6D286} = {CD17FB2B-413D-4C3B-96CC-2B2511C3A06D}
		{7E87DA42-F309-463D-BD60-863BE485E238} = {CD17FB2B-413D-4C3B-96CC-2B2511C3A06D}
		{FA385177-4DFD-4B1D-8EEA-A3EE56E26992} = {51BFB919-7A42-4E3D-91C3-69EECF5BFE53}
		{B889EE0C-0BA2-415E-9E12-42764EA28231} = {FA385177-4DFD-4B1D-8EEA-A3EE56E26992}
		{15C07F48-E1D5-4F56-85D9-F7B3C430A930} = {FA385177-4DFD-4B1D-8EEA-A3EE56E26992}
		{4550C739-6430-460E-A945-B06D4E3403A6} = {FA385177-4DFD-4B1D-8EEA-A3EE56E26992}
		{F06527A1-3A56-48C9-91CF-59F03A91D39A} = {51BFB919-7A42-4E3D-91C3-69EECF5BFE53}
		{7033CB55-09D8-4D20-ADEC-F60033CA3E55} = {F06527A1-3A56-48C9-91CF-59F03A91D39A}
		{27A2B6F7-89B5-4D54-804E-57959B7A51D4} = {F06527A1-3A56-48C9-91CF-59F03A91D39A}
		{30E2F37C-936B-4EA0-89E6-F29018C8CFD5} = {F06527A1-3A56-48C9-91CF-59F03A91D39A}
		{C63C74DD-F084-4848-B196-26683FE55497} = {CD17FB2B-413D-4C3B-96CC-2B2511C3A06D}
	EndGlobalSection
	GlobalSection(ProjectConfigurationPlatforms) = postSolution
		{C4F4AC7E-39FA-4084-BB20-E53160595E96}.Debug|Any CPU.ActiveCfg = Debug|Any CPU
		{C4F4AC7E-39FA-4084-BB20-E53160595E96}.Debug|Any CPU.Build.0 = Debug|Any CPU
		{C4F4AC7E-39FA-4084-BB20-E53160595E96}.Release|Any CPU.ActiveCfg = Release|Any CPU
		{C4F4AC7E-39FA-4084-BB20-E53160595E96}.Release|Any CPU.Build.0 = Release|Any CPU
		{8D3950AC-E335-47ED-BE5A-CA660C00F772}.Debug|Any CPU.ActiveCfg = Debug|Any CPU
		{8D3950AC-E335-47ED-BE5A-CA660C00F772}.Debug|Any CPU.Build.0 = Debug|Any CPU
		{8D3950AC-E335-47ED-BE5A-CA660C00F772}.Release|Any CPU.ActiveCfg = Release|Any CPU
		{8D3950AC-E335-47ED-BE5A-CA660C00F772}.Release|Any CPU.Build.0 = Release|Any CPU
		{C2CF593B-1DA6-4479-AEB4-B48458C6D286}.Debug|Any CPU.ActiveCfg = Debug|Any CPU
		{C2CF593B-1DA6-4479-AEB4-B48458C6D286}.Debug|Any CPU.Build.0 = Debug|Any CPU
		{C2CF593B-1DA6-4479-AEB4-B48458C6D286}.Release|Any CPU.ActiveCfg = Release|Any CPU
		{C2CF593B-1DA6-4479-AEB4-B48458C6D286}.Release|Any CPU.Build.0 = Release|Any CPU
		{7E87DA42-F309-463D-BD60-863BE485E238}.Debug|Any CPU.ActiveCfg = Debug|Any CPU
		{7E87DA42-F309-463D-BD60-863BE485E238}.Debug|Any CPU.Build.0 = Debug|Any CPU
		{7E87DA42-F309-463D-BD60-863BE485E238}.Release|Any CPU.ActiveCfg = Release|Any CPU
		{7E87DA42-F309-463D-BD60-863BE485E238}.Release|Any CPU.Build.0 = Release|Any CPU
		{B889EE0C-0BA2-415E-9E12-42764EA28231}.Debug|Any CPU.ActiveCfg = Debug|Any CPU
		{B889EE0C-0BA2-415E-9E12-42764EA28231}.Debug|Any CPU.Build.0 = Debug|Any CPU
		{B889EE0C-0BA2-415E-9E12-42764EA28231}.Release|Any CPU.ActiveCfg = Release|Any CPU
		{B889EE0C-0BA2-415E-9E12-42764EA28231}.Release|Any CPU.Build.0 = Release|Any CPU
		{15C07F48-E1D5-4F56-85D9-F7B3C430A930}.Debug|Any CPU.ActiveCfg = Debug|Any CPU
		{15C07F48-E1D5-4F56-85D9-F7B3C430A930}.Debug|Any CPU.Build.0 = Debug|Any CPU
		{15C07F48-E1D5-4F56-85D9-F7B3C430A930}.Release|Any CPU.ActiveCfg = Release|Any CPU
		{15C07F48-E1D5-4F56-85D9-F7B3C430A930}.Release|Any CPU.Build.0 = Release|Any CPU
		{4550C739-6430-460E-A945-B06D4E3403A6}.Debug|Any CPU.ActiveCfg = Debug|Any CPU
		{4550C739-6430-460E-A945-B06D4E3403A6}.Debug|Any CPU.Build.0 = Debug|Any CPU
		{4550C739-6430-460E-A945-B06D4E3403A6}.Release|Any CPU.ActiveCfg = Release|Any CPU
		{4550C739-6430-460E-A945-B06D4E3403A6}.Release|Any CPU.Build.0 = Release|Any CPU
		{7033CB55-09D8-4D20-ADEC-F60033CA3E55}.Debug|Any CPU.ActiveCfg = Debug|Any CPU
		{7033CB55-09D8-4D20-ADEC-F60033CA3E55}.Debug|Any CPU.Build.0 = Debug|Any CPU
		{7033CB55-09D8-4D20-ADEC-F60033CA3E55}.Release|Any CPU.ActiveCfg = Release|Any CPU
		{7033CB55-09D8-4D20-ADEC-F60033CA3E55}.Release|Any CPU.Build.0 = Release|Any CPU
		{27A2B6F7-89B5-4D54-804E-57959B7A51D4}.Debug|Any CPU.ActiveCfg = Debug|Any CPU
		{27A2B6F7-89B5-4D54-804E-57959B7A51D4}.Debug|Any CPU.Build.0 = Debug|Any CPU
		{27A2B6F7-89B5-4D54-804E-57959B7A51D4}.Release|Any CPU.ActiveCfg = Release|Any CPU
		{27A2B6F7-89B5-4D54-804E-57959B7A51D4}.Release|Any CPU.Build.0 = Release|Any CPU
		{30E2F37C-936B-4EA0-89E6-F29018C8CFD5}.Debug|Any CPU.ActiveCfg = Debug|Any CPU
		{30E2F37C-936B-4EA0-89E6-F29018C8CFD5}.Debug|Any CPU.Build.0 = Debug|Any CPU
		{30E2F37C-936B-4EA0-89E6-F29018C8CFD5}.Release|Any CPU.ActiveCfg = Release|Any CPU
		{30E2F37C-936B-4EA0-89E6-F29018C8CFD5}.Release|Any CPU.Build.0 = Release|Any CPU
		{C63C74DD-F084-4848-B196-26683FE55497}.Debug|Any CPU.ActiveCfg = Debug|Any CPU
		{C63C74DD-F084-4848-B196-26683FE55497}.Debug|Any CPU.Build.0 = Debug|Any CPU
		{C63C74DD-F084-4848-B196-26683FE55497}.Release|Any CPU.ActiveCfg = Release|Any CPU
		{C63C74DD-F084-4848-B196-26683FE55497}.Release|Any CPU.Build.0 = Release|Any CPU
	EndGlobalSection
EndGlobal
